
Microsoft Visual Studio Solution File, Format Version 12.00
# Visual Studio 14
VisualStudioVersion = 14.0.25420.1
MinimumVisualStudioVersion = 10.0.40219.1
Project("{FAE04EC0-301F-11D3-BF4B-00C04F79EFBC}") = "BusinessLogic", "BusinessLogic\BusinessLogic.csproj", "{B1D521C8-D8C4-4CA7-B2BC-56DDE167788C}"
EndProject
Project("{FAE04EC0-301F-11D3-BF4B-00C04F79EFBC}") = "TestBusinessLogic", "BusinessLogicTest\TestBusinessLogic.csproj", "{62A66A7F-8C78-4831-8A65-42D24F285F76}"
EndProject
Project("{8BB2217D-0F2D-49D1-97BC-3654ED321F3B}") = "BudgetWatcherMVC", "BudgetWatcherMVC\BudgetWatcherMVC.xproj", "{EC756061-CB69-486C-9FA1-7448BA2A975D}"
EndProject
Global
	GlobalSection(SolutionConfigurationPlatforms) = preSolution
		Debug|Any CPU = Debug|Any CPU
		Release|Any CPU = Release|Any CPU
	EndGlobalSection
	GlobalSection(ProjectConfigurationPlatforms) = postSolution
		{B1D521C8-D8C4-4CA7-B2BC-56DDE167788C}.Debug|Any CPU.ActiveCfg = Debug|Any CPU
		{B1D521C8-D8C4-4CA7-B2BC-56DDE167788C}.Debug|Any CPU.Build.0 = Debug|Any CPU
		{B1D521C8-D8C4-4CA7-B2BC-56DDE167788C}.Release|Any CPU.ActiveCfg = Release|Any CPU
		{B1D521C8-D8C4-4CA7-B2BC-56DDE167788C}.Release|Any CPU.Build.0 = Release|Any CPU
		{62A66A7F-8C78-4831-8A65-42D24F285F76}.Debug|Any CPU.ActiveCfg = Debug|Any CPU
		{62A66A7F-8C78-4831-8A65-42D24F285F76}.Debug|Any CPU.Build.0 = Debug|Any CPU
		{62A66A7F-8C78-4831-8A65-42D24F285F76}.Release|Any CPU.ActiveCfg = Release|Any CPU
		{62A66A7F-8C78-4831-8A65-42D24F285F76}.Release|Any CPU.Build.0 = Release|Any CPU
		{EC756061-CB69-486C-9FA1-7448BA2A975D}.Debug|Any CPU.ActiveCfg = Debug|Any CPU
		{EC756061-CB69-486C-9FA1-7448BA2A975D}.Debug|Any CPU.Build.0 = Debug|Any CPU
		{EC756061-CB69-486C-9FA1-7448BA2A975D}.Release|Any CPU.ActiveCfg = Release|Any CPU
		{EC756061-CB69-486C-9FA1-7448BA2A975D}.Release|Any CPU.Build.0 = Release|Any CPU
	EndGlobalSection
	GlobalSection(SolutionProperties) = preSolution
		HideSolutionNode = FALSE
	EndGlobalSection
EndGlobal
